{
  "name": "cutepixo",
  "version": "1.0.0",
  "lockfileVersion": 3,
  "requires": true,
  "packages": {
    "": {
      "name": "cutepixo",
      "version": "1.0.0",
      "license": "ISC",
      "dependencies": {
        "to-ico": "^1.0.1"
      }
    },
    "node_modules/parse-png": {
      "version": "1.1.2",
      "resolved": "https://registry.npmjs.org/parse-png/-/parse-png-1.1.2.tgz",
      "integrity": "sha512-Ge6gDV9T5zhkWHmjvnNiyhPTCIoY7W+FC7qWPtuL2lIGZAFxxqTRG/ouEXsH9qkw+HzYiPEU/tFcxOCEDTP1Yw==",
      "license": "MIT",
      "dependencies": {
        "pngjs": "^3.2.0"
      },
      "engines": {
        "node": ">=4"
      }
    },
    "node_modules/pngjs": {
      "version": "3.4.0",
      "resolved": "https://registry.npmjs.org/pngjs/-/pngjs-3.4.0.tgz",
      "integrity": "sha512-NCrCHhWmnQklfH4MtJMRjZ2a8c80qXeMlQMv2uVp9ISJMTt562SbGd6n2oq0PaPgKm7Z6pL9E2UlLIhC+SHL3w==",
      "license": "MIT",
      "engines": {
        "node": ">=4.0.0"
      }
    },
    "node_modules/to-ico": {
      "version": "1.0.1",
      "resolved": "https://registry.npmjs.org/to-ico/-/to-ico-1.0.1.tgz",
      "integrity": "sha512-6dSj5lSpoHcSlC9GCkvNBKYbrBmwrGyXfb3mMjS/jxlemd4nKbs+TJi1O1/mEhb7HJr2VzXOp1GorlldS4/svA==",
      "license": "MIT",
      "dependencies": {
        "parse-png": "^1.0.0"
      },
      "engines": {
        "node": ">=4"
      }
    }
  }
}
